// !$*UTF8*$!
{
	archiveVersion = 1;
	classes = {
	};
	objectVersion = 77;
	objects = {

/* Begin PBXBuildFile section */
		07F45C4A2E02C396002AC94B /* Supabase in Frameworks */ = {isa = PBXBuildFile; productRef = 07F45C492E02C396002AC94B /* Supabase */; };
/* End PBXBuildFile section */

/* Begin PBXContainerItemProxy section */
		07F45C282E017FC8002AC94B /* PBXContainerItemProxy */ = {
			isa = PBXContainerItemProxy;
			containerPortal = 07F45C0E2E017FC7002AC94B /* Project object */;
			proxyType = 1;
			remoteGlobalIDString = 07F45C152E017FC7002AC94B;
			remoteInfo = HATO;
		};
		07F45C322E017FC8002AC94B /* PBXContainerItemProxy */ = {
			isa = PBXContainerItemProxy;
			containerPortal = 07F45C0E2E017FC7002AC94B /* Project object */;
			proxyType = 1;
			remoteGlobalIDString = 07F45C152E017FC7002AC94B;
			remoteInfo = HATO;
		};
/* End PBXContainerItemProxy section */

/* Begin PBXFileReference section */
		07F45C162E017FC7002AC94B /* HATO.app */ = {isa = PBXFileReference; explicitFileType = wrapper.application; includeInIndex = 0; path = HATO.app; sourceTree = BUILT_PRODUCTS_DIR; };
		07F45C272E017FC8002AC94B /* HATOTests.xctest */ = {isa = PBXFileReference; explicitFileType = wrapper.cfbundle; includeInIndex = 0; path = HATOTests.xctest; sourceTree = BUILT_PRODUCTS_DIR; };
		07F45C312E017FC8002AC94B /* HATOUITests.xctest */ = {isa = PBXFileReference; explicitFileType = wrapper.cfbundle; includeInIndex = 0; path = HATOUITests.xctest; sourceTree = BUILT_PRODUCTS_DIR; };
/* End PBXFileReference section */

/* Begin PBXFileSystemSynchronizedBuildFileExceptionSet section */
		07F45C392E017FC8002AC94B /* Exceptions for "HATO" folder in "HATO" target */ = {
			isa = PBXFileSystemSynchronizedBuildFileExceptionSet;
			membershipExceptions = (
				Info.plist,
			);
			target = 07F45C152E017FC7002AC94B /* HATO */;
		};
/* End PBXFileSystemSynchronizedBuildFileExceptionSet section */

/* Begin PBXFileSystemSynchronizedRootGroup section */
		07F45C182E017FC7002AC94B /* HATO */ = {
			isa = PBXFileSystemSynchronizedRootGroup;
			exceptions = (
				07F45C392E017FC8002AC94B /* Exceptions for "HATO" folder in "HATO" target */,
			);
			path = HATO;
			sourceTree = "<group>";
		};
		07F45C2A2E017FC8002AC94B /* HATOTests */ = {
			isa = PBXFileSystemSynchronizedRootGroup;
			path = HATOTests;
			sourceTree = "<group>";
		};
		07F45C342E017FC8002AC94B /* HATOUITests */ = {
			isa = PBXFileSystemSynchronizedRootGroup;
			path = HATOUITests;
			sourceTree = "<group>";
		};
/* End PBXFileSystemSynchronizedRootGroup section */

/* Begin PBXFrameworksBuildPhase section */
		07F45C132E017FC7002AC94B /* Frameworks */ = {
			isa = PBXFrameworksBuildPhase;
			buildActionMask = 2147483647;
			files = (
				07F45C4A2E02C396002AC94B /* Supabase in Frameworks */,
			);
			runOnlyForDeploymentPostprocessing = 0;
		};
		07F45C242E017FC8002AC94B /* Frameworks */ = {
			isa = PBXFrameworksBuildPhase;
			buildActionMask = 2147483647;
			files = (
			);
			runOnlyForDeploymentPostprocessing = 0;
		};
		07F45C2E2E017FC8002AC94B /* Frameworks */ = {
			isa = PBXFrameworksBuildPhase;
			buildActionMask = 2147483647;
			files = (
			);
			runOnlyForDeploymentPostprocessing = 0;
		};
/* End PBXFrameworksBuildPhase section */

/* Begin PBXGroup section */
		07F45C0D2E017FC7002AC94B = {
			isa = PBXGroup;
			children = (
				07F45C182E017FC7002AC94B /* HATO */,
				07F45C2A2E017FC8002AC94B /* HATOTests */,
				07F45C342E017FC8002AC94B /* HATOUITests */,
				07F45C482E02C396002AC94B /* Frameworks */,
				07F45C172E017FC7002AC94B /* Products */,
			);
			sourceTree = "<group>";
		};
		07F45C172E017FC7002AC94B /* Products */ = {
			isa = PBXGroup;
			children = (
				07F45C162E017FC7002AC94B /* HATO.app */,
				07F45C272E017FC8002AC94B /* HATOTests.xctest */,
				07F45C312E017FC8002AC94B /* HATOUITests.xctest */,
			);
			name = Products;
			sourceTree = "<group>";
		};
		07F45C482E02C396002AC94B /* Frameworks */ = {
			isa = PBXGroup;
			children = (
			);
			name = Frameworks;
			sourceTree = "<group>";
		};
/* End PBXGroup section */

/* Begin PBXNativeTarget section */
		07F45C152E017FC7002AC94B /* HATO */ = {
			isa = PBXNativeTarget;
			buildConfigurationList = 07F45C3A2E017FC8002AC94B /* Build configuration list for PBXNativeTarget "HATO" */;
			buildPhases = (
				07F45C122E017FC7002AC94B /* Sources */,
				07F45C132E017FC7002AC94B /* Frameworks */,
				07F45C142E017FC7002AC94B /* Resources */,
			);
			buildRules = (
			);
			dependencies = (
			);
			fileSystemSynchronizedGroups = (
				07F45C182E017FC7002AC94B /* HATO */,
			);
			name = HATO;
			packageProductDependencies = (
				07F45C492E02C396002AC94B /* Supabase */,
			);
			productName = HATO;
			productReference = 07F45C162E017FC7002AC94B /* HATO.app */;
			productType = "com.apple.product-type.application";
		};
		07F45C262E017FC8002AC94B /* HATOTests */ = {
			isa = PBXNativeTarget;
			buildConfigurationList = 07F45C3F2E017FC8002AC94B /* Build configuration list for PBXNativeTarget "HATOTests" */;
			buildPhases = (
				07F45C232E017FC8002AC94B /* Sources */,
				07F45C242E017FC8002AC94B /* Frameworks */,
				07F45C252E017FC8002AC94B /* Resources */,
			);
			buildRules = (
			);
			dependencies = (
				07F45C292E017FC8002AC94B /* PBXTargetDependency */,
			);
			fileSystemSynchronizedGroups = (
				07F45C2A2E017FC8002AC94B /* HATOTests */,
			);
			name = HATOTests;
			packageProductDependencies = (
			);
			productName = HATOTests;
			productReference = 07F45C272E017FC8002AC94B /* HATOTests.xctest */;
			productType = "com.apple.product-type.bundle.unit-test";
		};
		07F45C302E017FC8002AC94B /* HATOUITests */ = {
			isa = PBXNativeTarget;
			buildConfigurationList = 07F45C422E017FC8002AC94B /* Build configuration list for PBXNativeTarget "HATOUITests" */;
			buildPhases = (
				07F45C2D2E017FC8002AC94B /* Sources */,
				07F45C2E2E017FC8002AC94B /* Frameworks */,
				07F45C2F2E017FC8002AC94B /* Resources */,
			);
			buildRules = (
			);
			dependencies = (
				07F45C332E017FC8002AC94B /* PBXTargetDependency */,
			);
			fileSystemSynchronizedGroups = (
				07F45C342E017FC8002AC94B /* HATOUITests */,
			);
			name = HATOUITests;
			packageProductDependencies = (
			);
			productName = HATOUITests;
			productReference = 07F45C312E017FC8002AC94B /* HATOUITests.xctest */;
			productType = "com.apple.product-type.bundle.ui-testing";
		};
/* End PBXNativeTarget section */

/* Begin PBXProject section */
		07F45C0E2E017FC7002AC94B /* Project object */ = {
			isa = PBXProject;
			attributes = {
				BuildIndependentTargetsInParallel = 1;
				LastSwiftUpdateCheck = 1630;
				LastUpgradeCheck = 1630;
				TargetAttributes = {
					07F45C152E017FC7002AC94B = {
						CreatedOnToolsVersion = 16.3;
					};
					07F45C262E017FC8002AC94B = {
						CreatedOnToolsVersion = 16.3;
						TestTargetID = 07F45C152E017FC7002AC94B;
					};
					07F45C302E017FC8002AC94B = {
						CreatedOnToolsVersion = 16.3;
						TestTargetID = 07F45C152E017FC7002AC94B;
					};
				};
			};
			buildConfigurationList = 07F45C112E017FC7002AC94B /* Build configuration list for PBXProject "HATO" */;
			developmentRegion = en;
			hasScannedForEncodings = 0;
			knownRegions = (
				en,
				Base,
			);
			mainGroup = 07F45C0D2E017FC7002AC94B;
			minimizedProjectReferenceProxies = 1;
			packageReferences = (
				07F45C472E02C370002AC94B /* XCRemoteSwiftPackageReference "supabase-swift" */,
			);
			preferredProjectObjectVersion = 77;
			productRefGroup = 07F45C172E017FC7002AC94B /* Products */;
			projectDirPath = "";
			projectRoot = "";
			targets = (
				07F45C152E017FC7002AC94B /* HATO */,
				07F45C262E017FC8002AC94B /* HATOTests */,
				07F45C302E017FC8002AC94B /* HATOUITests */,
			);
		};
/* End PBXProject section */

/* Begin PBXResourcesBuildPhase section */
		07F45C142E017FC7002AC94B /* Resources */ = {
			isa = PBXResourcesBuildPhase;
			buildActionMask = 2147483647;
			files = (
			);
			runOnlyForDeploymentPostprocessing = 0;
		};
		07F45C252E017FC8002AC94B /* Resources */ = {
			isa = PBXResourcesBuildPhase;
			buildActionMask = 2147483647;
			files = (
			);
			runOnlyForDeploymentPostprocessing = 0;
		};
		07F45C2F2E017FC8002AC94B /* Resources */ = {
			isa = PBXResourcesBuildPhase;
			buildActionMask = 2147483647;
			files = (
			);
			runOnlyForDeploymentPostprocessing = 0;
		};
/* End PBXResourcesBuildPhase section */

/* Begin PBXSourcesBuildPhase section */
		07F45C122E017FC7002AC94B /* Sources */ = {
			isa = PBXSourcesBuildPhase;
			buildActionMask = 2147483647;
			files = (
			);
			runOnlyForDeploymentPostprocessing = 0;
		};
		07F45C232E017FC8002AC94B /* Sources */ = {
			isa = PBXSourcesBuildPhase;
			buildActionMask = 2147483647;
			files = (
			);
			runOnlyForDeploymentPostprocessing = 0;
		};
		07F45C2D2E017FC8002AC94B /* Sources */ = {
			isa = PBXSourcesBuildPhase;
			buildActionMask = 2147483647;
			files = (
			);
			runOnlyForDeploymentPostprocessing = 0;
		};
/* End PBXSourcesBuildPhase section */

/* Begin PBXTargetDependency section */
		07F45C292E017FC8002AC94B /* PBXTargetDependency */ = {
			isa = PBXTargetDependency;
			target = 07F45C152E017FC7002AC94B /* HATO */;
			targetProxy = 07F45C282E017FC8002AC94B /* PBXContainerItemProxy */;
		};
		07F45C332E017FC8002AC94B /* PBXTargetDependency */ = {
			isa = PBXTargetDependency;
			target = 07F45C152E017FC7002AC94B /* HATO */;
			targetProxy = 07F45C322E017FC8002AC94B /* PBXContainerItemProxy */;
		};
/* End PBXTargetDependency section */

/* Begin XCBuildConfiguration section */
		07F45C3B2E017FC8002AC94B /* Debug */ = {
			isa = XCBuildConfiguration;
			buildSettings = {
				ASSETCATALOG_COMPILER_APPICON_NAME = AppIcon;
				ASSETCATALOG_COMPILER_GLOBAL_ACCENT_COLOR_NAME = AccentColor;
				CODE_SIGN_ENTITLEMENTS = HATO/HATO.entitlements;
				CODE_SIGN_STYLE = Automatic;
				CURRENT_PROJECT_VERSION = 1;
				DEVELOPMENT_TEAM = XGT272F79N;
				ENABLE_PREVIEWS = YES;
				GENERATE_INFOPLIST_FILE = YES;
				INFOPLIST_FILE = HATO/Info.plist;
				INFOPLIST_KEY_NSAppleMusicUsageDescription = "";
				INFOPLIST_KEY_UIApplicationSceneManifest_Generation = YES;
				INFOPLIST_KEY_UIApplicationSupportsIndirectInputEvents = YES;
				INFOPLIST_KEY_UILaunchScreen_Generation = YES;
				INFOPLIST_KEY_UISupportedInterfaceOrientations_iPad = "UIInterfaceOrientationPortrait UIInterfaceOrientationPortraitUpsideDown UIInterfaceOrientationLandscapeLeft UIInterfaceOrientationLandscapeRight";
				INFOPLIST_KEY_UISupportedInterfaceOrientations_iPhone = "UIInterfaceOrientationPortrait UIInterfaceOrientationLandscapeLeft UIInterfaceOrientationLandscapeRight";
				IPHONEOS_DEPLOYMENT_TARGET = 17.6;
				LD_RUNPATH_SEARCH_PATHS = (
					"$(inherited)",
					"@executable_path/Frameworks",
				);
				MARKETING_VERSION = 1.0;
				PRODUCT_BUNDLE_IDENTIFIER = nichijou.HATO;
				PRODUCT_NAME = "$(TARGET_NAME)";
				SWIFT_EMIT_LOC_STRINGS = YES;
				SWIFT_VERSION = 5.0;
				TARGETED_DEVICE_FAMILY = "1,2";
			};
			name = Debug;
		};
		07F45C3C2E017FC8002AC94B /* Release */ = {
			isa = XCBuildConfiguration;
			buildSettings = {
				ASSETCATALOG_COMPILER_APPICON_NAME = AppIcon;
				ASSETCATALOG_COMPILER_GLOBAL_ACCENT_COLOR_NAME = AccentColor;
				CODE_SIGN_ENTITLEMENTS = HATO/HATO.entitlements;
				CODE_SIGN_STYLE = Automatic;
				CURRENT_PROJECT_VERSION = 1;
				DEVELOPMENT_TEAM = XGT272F79N;
				ENABLE_PREVIEWS = YES;
				GENERATE_INFOPLIST_FILE = YES;
				INFOPLIST_FILE = HATO/Info.plist;
				INFOPLIST_KEY_NSAppleMusicUsageDescription = "";
				INFOPLIST_KEY_UIApplicationSceneManifest_Generation = YES;
				INFOPLIST_KEY_UIApplicationSupportsIndirectInputEvents = YES;
				INFOPLIST_KEY_UILaunchScreen_Generation = YES;
				INFOPLIST_KEY_UISupportedInterfaceOrientations_iPad = "UIInterfaceOrientationPortrait UIInterfaceOrientationPortraitUpsideDown UIInterfaceOrientationLandscapeLeft UIInterfaceOrientationLandscapeRight";
				INFOPLIST_KEY_UISupportedInterfaceOrientations_iPhone = "UIInterfaceOrientationPortrait UIInterfaceOrientationLandscapeLeft UIInterfaceOrientationLandscapeRight";
				IPHONEOS_DEPLOYMENT_TARGET = 17.6;
				LD_RUNPATH_SEARCH_PATHS = (
					"$(inherited)",
					"@executable_path/Frameworks",
				);
				MARKETING_VERSION = 1.0;
				PRODUCT_BUNDLE_IDENTIFIER = nichijou.HATO;
				PRODUCT_NAME = "$(TARGET_NAME)";
				SWIFT_EMIT_LOC_STRINGS = YES;
				SWIFT_VERSION = 5.0;
				TARGETED_DEVICE_FAMILY = "1,2";
			};
			name = Release;
		};
		07F45C3D2E017FC8002AC94B /* Debug */ = {
			isa = XCBuildConfiguration;
			buildSettings = {
				ALWAYS_SEARCH_USER_PATHS = NO;
				ASSETCATALOG_COMPILER_GENERATE_SWIFT_ASSET_SYMBOL_EXTENSIONS = YES;
				CLANG_ANALYZER_NONNULL = YES;
				CLANG_ANALYZER_NUMBER_OBJECT_CONVERSION = YES_AGGRESSIVE;
				CLANG_CXX_LANGUAGE_STANDARD = "gnu++20";
				CLANG_ENABLE_MODULES = YES;
				CLANG_ENABLE_OBJC_ARC = YES;
				CLANG_ENABLE_OBJC_WEAK = YES;
				CLANG_WARN_BLOCK_CAPTURE_AUTORELEASING = YES;
				CLANG_WARN_BOOL_CONVERSION = YES;
				CLANG_WARN_COMMA = YES;
				CLANG_WARN_CONSTANT_CONVERSION = YES;
				CLANG_WARN_DEPRECATED_OBJC_IMPLEMENTATIONS = YES;
				CLANG_WARN_DIRECT_OBJC_ISA_USAGE = YES_ERROR;
				CLANG_WARN_DOCUMENTATION_COMMENTS = YES;
				CLANG_WARN_EMPTY_BODY = YES;
				CLANG_WARN_ENUM_CONVERSION = YES;
				CLANG_WARN_INFINITE_RECURSION = YES;
				CLANG_WARN_INT_CONVERSION = YES;
				CLANG_WARN_NON_LITERAL_NULL_CONVERSION = YES;
				CLANG_WARN_OBJC_IMPLICIT_RETAIN_SELF = YES;
				CLANG_WARN_OBJC_LITERAL_CONVERSION = YES;
				CLANG_WARN_OBJC_ROOT_CLASS = YES_ERROR;
				CLANG_WARN_QUOTED_INCLUDE_IN_FRAMEWORK_HEADER = YES;
				CLANG_WARN_RANGE_LOOP_ANALYSIS = YES;
				CLANG_WARN_STRICT_PROTOTYPES = YES;
				CLANG_WARN_SUSPICIOUS_MOVE = YES;
				CLANG_WARN_UNGUARDED_AVAILABILITY = YES_AGGRESSIVE;
				CLANG_WARN_UNREACHABLE_CODE = YES;
				CLANG_WARN__DUPLICATE_METHOD_MATCH = YES;
				COPY_PHASE_STRIP = NO;
				DEBUG_INFORMATION_FORMAT = dwarf;
				DEVELOPMENT_TEAM = XGT272F79N;
				ENABLE_STRICT_OBJC_MSGSEND = YES;
				ENABLE_TESTABILITY = YES;
				ENABLE_USER_SCRIPT_SANDBOXING = YES;
				GCC_C_LANGUAGE_STANDARD = gnu17;
				GCC_DYNAMIC_NO_PIC = NO;
				GCC_NO_COMMON_BLOCKS = YES;
				GCC_OPTIMIZATION_LEVEL = 0;
				GCC_PREPROCESSOR_DEFINITIONS = (
					"DEBUG=1",
					"$(inherited)",
				);
				GCC_WARN_64_TO_32_BIT_CONVERSION = YES;
				GCC_WARN_ABOUT_RETURN_TYPE = YES_ERROR;
				GCC_WARN_UNDECLARED_SELECTOR = YES;
				GCC_WARN_UNINITIALIZED_AUTOS = YES_AGGRESSIVE;
				GCC_WARN_UNUSED_FUNCTION = YES;
				GCC_WARN_UNUSED_VARIABLE = YES;
				IPHONEOS_DEPLOYMENT_TARGET = 18.4;
				LOCALIZATION_PREFERS_STRING_CATALOGS = YES;
				MTL_ENABLE_DEBUG_INFO = INCLUDE_SOURCE;
				MTL_FAST_MATH = YES;
				ONLY_ACTIVE_ARCH = YES;
				SDKROOT = iphoneos;
				SWIFT_ACTIVE_COMPILATION_CONDITIONS = "DEBUG $(inherited)";
				SWIFT_OPTIMIZATION_LEVEL = "-Onone";
			};
			name = Debug;
		};
		07F45C3E2E017FC8002AC94B /* Release */ = {
			isa = XCBuildConfiguration;
			buildSettings = {
				ALWAYS_SEARCH_USER_PATHS = NO;
				ASSETCATALOG_COMPILER_GENERATE_SWIFT_ASSET_SYMBOL_EXTENSIONS = YES;
				CLANG_ANALYZER_NONNULL = YES;
				CLANG_ANALYZER_NUMBER_OBJECT_CONVERSION = YES_AGGRESSIVE;
				CLANG_CXX_LANGUAGE_STANDARD = "gnu++20";
				CLANG_ENABLE_MODULES = YES;
				CLANG_ENABLE_OBJC_ARC = YES;
				CLANG_ENABLE_OBJC_WEAK = YES;
				CLANG_WARN_BLOCK_CAPTURE_AUTORELEASING = YES;
				CLANG_WARN_BOOL_CONVERSION = YES;
				CLANG_WARN_COMMA = YES;
				CLANG_WARN_CONSTANT_CONVERSION = YES;
				CLANG_WARN_DEPRECATED_OBJC_IMPLEMENTATIONS = YES;
				CLANG_WARN_DIRECT_OBJC_ISA_USAGE = YES_ERROR;
				CLANG_WARN_DOCUMENTATION_COMMENTS = YES;
				CLANG_WARN_EMPTY_BODY = YES;
				CLANG_WARN_ENUM_CONVERSION = YES;
				CLANG_WARN_INFINITE_RECURSION = YES;
				CLANG_WARN_INT_CONVERSION = YES;
				CLANG_WARN_NON_LITERAL_NULL_CONVERSION = YES;
				CLANG_WARN_OBJC_IMPLICIT_RETAIN_SELF = YES;
				CLANG_WARN_OBJC_LITERAL_CONVERSION = YES;
				CLANG_WARN_OBJC_ROOT_CLASS = YES_ERROR;
				CLANG_WARN_QUOTED_INCLUDE_IN_FRAMEWORK_HEADER = YES;
				CLANG_WARN_RANGE_LOOP_ANALYSIS = YES;
				CLANG_WARN_STRICT_PROTOTYPES = YES;
				CLANG_WARN_SUSPICIOUS_MOVE = YES;
				CLANG_WARN_UNGUARDED_AVAILABILITY = YES_AGGRESSIVE;
				CLANG_WARN_UNREACHABLE_CODE = YES;
				CLANG_WARN__DUPLICATE_METHOD_MATCH = YES;
				COPY_PHASE_STRIP = NO;
				DEBUG_INFORMATION_FORMAT = "dwarf-with-dsym";
				DEVELOPMENT_TEAM = XGT272F79N;
				ENABLE_NS_ASSERTIONS = NO;
				ENABLE_STRICT_OBJC_MSGSEND = YES;
				ENABLE_USER_SCRIPT_SANDBOXING = YES;
				GCC_C_LANGUAGE_STANDARD = gnu17;
				GCC_NO_COMMON_BLOCKS = YES;
				GCC_WARN_64_TO_32_BIT_CONVERSION = YES;
				GCC_WARN_ABOUT_RETURN_TYPE = YES_ERROR;
				GCC_WARN_UNDECLARED_SELECTOR = YES;
				GCC_WARN_UNINITIALIZED_AUTOS = YES_AGGRESSIVE;
				GCC_WARN_UNUSED_FUNCTION = YES;
				GCC_WARN_UNUSED_VARIABLE = YES;
				IPHONEOS_DEPLOYMENT_TARGET = 18.4;
				LOCALIZATION_PREFERS_STRING_CATALOGS = YES;
				MTL_ENABLE_DEBUG_INFO = NO;
				MTL_FAST_MATH = YES;
				SDKROOT = iphoneos;
				SWIFT_COMPILATION_MODE = wholemodule;
				VALIDATE_PRODUCT = YES;
			};
			name = Release;
		};
		07F45C402E017FC8002AC94B /* Debug */ = {
			isa = XCBuildConfiguration;
			buildSettings = {
				BUNDLE_LOADER = "$(TEST_HOST)";
				CODE_SIGN_STYLE = Automatic;
				CURRENT_PROJECT_VERSION = 1;
				DEVELOPMENT_TEAM = XGT272F79N;
				GENERATE_INFOPLIST_FILE = YES;
				IPHONEOS_DEPLOYMENT_TARGET = 18.4;
				MARKETING_VERSION = 1.0;
				PRODUCT_BUNDLE_IDENTIFIER = nichijou.HATOTests;
				PRODUCT_NAME = "$(TARGET_NAME)";
				SWIFT_EMIT_LOC_STRINGS = NO;
				SWIFT_VERSION = 5.0;
				TARGETED_DEVICE_FAMILY = "1,2";
				TEST_HOST = "$(BUILT_PRODUCTS_DIR)/HATO.app/$(BUNDLE_EXECUTABLE_FOLDER_PATH)/HATO";
			};
			name = Debug;
		};
		07F45C412E017FC8002AC94B /* Release */ = {
			isa = XCBuildConfiguration;
			buildSettings = {
				BUNDLE_LOADER = "$(TEST_HOST)";
				CODE_SIGN_STYLE = Automatic;
				CURRENT_PROJECT_VERSION = 1;
				DEVELOPMENT_TEAM = XGT272F79N;
				GENERATE_INFOPLIST_FILE = YES;
				IPHONEOS_DEPLOYMENT_TARGET = 18.4;
				MARKETING_VERSION = 1.0;
				PRODUCT_BUNDLE_IDENTIFIER = nichijou.HATOTests;
				PRODUCT_NAME = "$(TARGET_NAME)";
				SWIFT_EMIT_LOC_STRINGS = NO;
				SWIFT_VERSION = 5.0;
				TARGETED_DEVICE_FAMILY = "1,2";
				TEST_HOST = "$(BUILT_PRODUCTS_DIR)/HATO.app/$(BUNDLE_EXECUTABLE_FOLDER_PATH)/HATO";
			};
			name = Release;
		};
		07F45C432E017FC8002AC94B /* Debug */ = {
			isa = XCBuildConfiguration;
			buildSettings = {
				CODE_SIGN_STYLE = Automatic;
				CURRENT_PROJECT_VERSION = 1;
				DEVELOPMENT_TEAM = XGT272F79N;
				GENERATE_INFOPLIST_FILE = YES;
				MARKETING_VERSION = 1.0;
				PRODUCT_BUNDLE_IDENTIFIER = nichijou.HATOUITests;
				PRODUCT_NAME = "$(TARGET_NAME)";
				SWIFT_EMIT_LOC_STRINGS = NO;
				SWIFT_VERSION = 5.0;
				TARGETED_DEVICE_FAMILY = "1,2";
				TEST_TARGET_NAME = HATO;
			};
			name = Debug;
		};
		07F45C442E017FC8002AC94B /* Release */ = {
			isa = XCBuildConfiguration;
			buildSettings = {
				CODE_SIGN_STYLE = Automatic;
				CURRENT_PROJECT_VERSION = 1;
				DEVELOPMENT_TEAM = XGT272F79N;
				GENERATE_INFOPLIST_FILE = YES;
				MARKETING_VERSION = 1.0;
				PRODUCT_BUNDLE_IDENTIFIER = nichijou.HATOUITests;
				PRODUCT_NAME = "$(TARGET_NAME)";
				SWIFT_EMIT_LOC_STRINGS = NO;
				SWIFT_VERSION = 5.0;
				TARGETED_DEVICE_FAMILY = "1,2";
				TEST_TARGET_NAME = HATO;
			};
			name = Release;
		};
/* End XCBuildConfiguration section */

/* Begin XCConfigurationList section */
		07F45C112E017FC7002AC94B /* Build configuration list for PBXProject "HATO" */ = {
			isa = XCConfigurationList;
			buildConfigurations = (
				07F45C3D2E017FC8002AC94B /* Debug */,
				07F45C3E2E017FC8002AC94B /* Release */,
			);
			defaultConfigurationIsVisible = 0;
			defaultConfigurationName = Release;
		};
		07F45C3A2E017FC8002AC94B /* Build configuration list for PBXNativeTarget "HATO" */ = {
			isa = XCConfigurationList;
			buildConfigurations = (
				07F45C3B2E017FC8002AC94B /* Debug */,
				07F45C3C2E017FC8002AC94B /* Release */,
			);
			defaultConfigurationIsVisible = 0;
			defaultConfigurationName = Release;
		};
		07F45C3F2E017FC8002AC94B /* Build configuration list for PBXNativeTarget "HATOTests" */ = {
			isa = XCConfigurationList;
			buildConfigurations = (
				07F45C402E017FC8002AC94B /* Debug */,
				07F45C412E017FC8002AC94B /* Release */,
			);
			defaultConfigurationIsVisible = 0;
			defaultConfigurationName = Release;
		};
		07F45C422E017FC8002AC94B /* Build configuration list for PBXNativeTarget "HATOUITests" */ = {
			isa = XCConfigurationList;
			buildConfigurations = (
				07F45C432E017FC8002AC94B /* Debug */,
				07F45C442E017FC8002AC94B /* Release */,
			);
			defaultConfigurationIsVisible = 0;
			defaultConfigurationName = Release;
		};
/* End XCConfigurationList section */

/* Begin XCRemoteSwiftPackageReference section */
		07F45C472E02C370002AC94B /* XCRemoteSwiftPackageReference "supabase-swift" */ = {
			isa = XCRemoteSwiftPackageReference;
			repositoryURL = "git@github.com:supabase/supabase-swift.git";
			requirement = {
				kind = upToNextMajorVersion;
				minimumVersion = 2.5.1;
			};
		};
/* End XCRemoteSwiftPackageReference section */

/* Begin XCSwiftPackageProductDependency section */
		07F45C492E02C396002AC94B /* Supabase */ = {
			isa = XCSwiftPackageProductDependency;
			package = 07F45C472E02C370002AC94B /* XCRemoteSwiftPackageReference "supabase-swift" */;
			productName = Supabase;
		};
/* End XCSwiftPackageProductDependency section */
	};
	rootObject = 07F45C0E2E017FC7002AC94B /* Project object */;
}
